<?xml version="1.0" encoding="utf-8"?>
<Project ToolsVersion="4.0" xmlns="http://schemas.microsoft.com/developer/msbuild/2003">
  <ItemGroup>
    <Filter Include="Source Files">
      <UniqueIdentifier>{4FC737F1-C7A5-4376-A066-2A32D752A2FF}</UniqueIdentifier>
      <Extensions>cpp;c;cc;cxx;c++;cppm;ixx;def;odl;idl;hpj;bat;asm;asmx</Extensions>
    </Filter>
    <Filter Include="Header Files">
      <UniqueIdentifier>{93995380-89BD-4b04-88EB-625FBE52EBFB}</UniqueIdentifier>
      <Extensions>h;hh;hpp;hxx;h++;hm;inl;inc;ipp;xsd</Extensions>
    </Filter>
    <Filter Include="Resource Files">
      <UniqueIdentifier>{67DA6AB6-F800-4c08-8B7A-83BB121AAD01}</UniqueIdentifier>
      <Extensions>rc;ico;cur;bmp;dlg;rc2;rct;bin;rgs;gif;jpg;jpeg;jpe;resx;tiff;tif;png;wav;mfcribbon-ms</Extensions>
    </Filter>
  </ItemGroup>
  <ItemGroup>
    <ClInclude Include="framework.h">
      <Filter>Header Files</Filter>
    </ClInclude>
    <ClInclude Include="pch.h">
      <Filter>Header Files</Filter>
    </ClInclude>
    <ClInclude Include="ContactStimulus.h">
      <Filter>Header Files</Filter>
    </ClInclude>
    <ClInclude Include="ContactResponse.h">
      <Filter>Header Files</Filter>
    </ClInclude>
    <ClInclude Include="ContactCircumstance.h">
      <Filter>Header Files</Filter>
    </ClInclude>
    <ClInclude Include="Observer.h">
      <Filter>Header Files</Filter>
    </ClInclude>
    <ClInclude Include="IExpectation.h">
      <Filter>Header Files</Filter>
    </ClInclude>
    <ClInclude Include="StimuliProducesResponseExpectation.h">
      <Filter>Header Files</Filter>
    </ClInclude>
    <ClInclude Include="ExactExpectationsPattern.h">
      <Filter>Header Files</Filter>
    </ClInclude>
    <ClInclude Include="OrderedExpectationsPattern.h">
      <Filter>Header Files</Filter>
    </ClInclude>
    <ClInclude Include="ExpectedTestSituation.h">
      <Filter>Header Files</Filter>
    </ClInclude>
    <ClInclude Include="Observation.h">
      <Filter>Header Files</Filter>
    </ClInclude>
    <ClInclude Include="IParty.h">
      <Filter>Header Files</Filter>
    </ClInclude>
    <ClInclude Include="IStimulus.h">
      <Filter>Header Files</Filter>
    </ClInclude>
    <ClInclude Include="IHasId.h">
      <Filter>Header Files</Filter>
    </ClInclude>
    <ClInclude Include="IResponse.h">
      <Filter>Header Files</Filter>
    </ClInclude>
    <ClInclude Include="ISituation.h">
      <Filter>Header Files</Filter>
    </ClInclude>
    <ClInclude Include="IObserver.h">
      <Filter>Header Files</Filter>
    </ClInclude>
    <ClInclude Include="IExpectedPattern.h">
      <Filter>Header Files</Filter>
    </ClInclude>
    <ClInclude Include="ICircumstance.h">
      <Filter>Header Files</Filter>
    </ClInclude>
    <ClInclude Include="ContactCircumstanceBuilder.h">
      <Filter>Header Files</Filter>
    </ClInclude>
    <ClInclude Include="ExpectationExistsPattern.h">
      <Filter>Header Files</Filter>
    </ClInclude>
    <ClInclude Include="ContextualFlowsMonitor.h">
      <Filter>Header Files</Filter>
    </ClInclude>
    <ClInclude Include="RepeatsExpectationPattern.h">
      <Filter>Header Files</Filter>
    </ClInclude>
    <ClInclude Include="ConsecutiveExpectationsPattern.h">
      <Filter>Header Files</Filter>
    </ClInclude>
    <ClInclude Include="RepeatsExpectationsPattern.h">
      <Filter>Header Files</Filter>
    </ClInclude>
  </ItemGroup>
  <ItemGroup>
    <ClCompile Include="pch.cpp">
      <Filter>Source Files</Filter>
    </ClCompile>
    <ClCompile Include="Party.h">
      <Filter>Header Files</Filter>
    </ClCompile>
    <ClCompile Include="ContactCircumstance.cpp">
      <Filter>Source Files</Filter>
    </ClCompile>
    <ClCompile Include="ContactStimulus.cpp">
      <Filter>Source Files</Filter>
    </ClCompile>
    <ClCompile Include="ContactResponse.cpp">
      <Filter>Source Files</Filter>
    </ClCompile>
    <ClCompile Include="OrderedExpectationsPattern.cpp">
      <Filter>Source Files</Filter>
    </ClCompile>
    <ClCompile Include="ExpectedTestSituation.cpp">
      <Filter>Source Files</Filter>
    </ClCompile>
    <ClCompile Include="Observation.cpp">
      <Filter>Source Files</Filter>
    </ClCompile>
    <ClCompile Include="Observer.cpp">
      <Filter>Source Files</Filter>
    </ClCompile>
    <ClCompile Include="Party.cpp">
      <Filter>Source Files</Filter>
    </ClCompile>
    <ClCompile Include="StimuliProducesResponseExpectation.cpp">
      <Filter>Source Files</Filter>
    </ClCompile>
    <ClCompile Include="ContextualFlowsMonitor.cpp">
      <Filter>Source Files</Filter>
    </ClCompile>
    <ClCompile Include="ExpectationExistsPattern.cpp">
      <Filter>Source Files</Filter>
    </ClCompile>
    <ClCompile Include="RepeatsExpectationPattern.cpp">
      <Filter>Source Files</Filter>
    </ClCompile>
    <ClCompile Include="ConsecutiveExpectationsPattern.cpp">
      <Filter>Source Files</Filter>
    </ClCompile>
    <ClCompile Include="RepeatsExpectationsPattern.cpp">
      <Filter>Source Files</Filter>
    </ClCompile>
  </ItemGroup>
</Project>